{

  "name": "amihan-airways-booking-system",
  "version": "1.0.0",
  "lockfileVersion": 3,
  "requires": true,
  "packages": {
    "": {
      "name": "amihan-airways-booking-system",
      "version": "1.0.0",
      "license": "ISC"
    }
  }
  "name": "Amihan-Airways-Booking-System",
  "lockfileVersion": 3,
  "requires": true,
  "packages": {}

}
